// !$*UTF8*$!
{
	archiveVersion = 1;
	classes = {
	};
	objectVersion = 56;
	objects = {

/* Begin PBXBuildFile section */
		0B574E410CE0CE01C8915B3C /* ModelPricingSyncService.swift in Sources */ = {isa = PBXBuildFile; fileRef = 00E8A0EFAE2E48FC786F8037 /* ModelPricingSyncService.swift */; };
		A1B2C3D4E5F6000000000101 /* CodexStackApp.swift in Sources */ = {isa = PBXBuildFile; fileRef = A1B2C3D4E5F6000000000201 /* CodexStackApp.swift */; };
		A1B2C3D4E5F6000000000102 /* MainWindowView.swift in Sources */ = {isa = PBXBuildFile; fileRef = A1B2C3D4E5F6000000000202 /* MainWindowView.swift */; };
		A1B2C3D4E5F6000000000103 /* Models.swift in Sources */ = {isa = PBXBuildFile; fileRef = A1B2C3D4E5F6000000000203 /* Models.swift */; };
		A1B2C3D4E5F6000000000104 /* SessionStore.swift in Sources */ = {isa = PBXBuildFile; fileRef = A1B2C3D4E5F6000000000204 /* SessionStore.swift */; };
		A1B2C3D4E5F6000000000105 /* CodexSessionService.swift in Sources */ = {isa = PBXBuildFile; fileRef = A1B2C3D4E5F6000000000205 /* CodexSessionService.swift */; };
		A1B2C3D4E5F6000000000106 /* UsageMetricsService.swift in Sources */ = {isa = PBXBuildFile; fileRef = A1B2C3D4E5F6000000000206 /* UsageMetricsService.swift */; };
		A1B2C3D4E5F6000000000107 /* StatusIconRenderer.swift in Sources */ = {isa = PBXBuildFile; fileRef = A1B2C3D4E5F6000000000207 /* StatusIconRenderer.swift */; };
		A1B2C3D4E5F6000000000108 /* BundleModule.swift in Sources */ = {isa = PBXBuildFile; fileRef = A1B2C3D4E5F6000000000208 /* BundleModule.swift */; };
		A1B2C3D4E5F6000000000109 /* AccountCredentialStore.swift in Sources */ = {isa = PBXBuildFile; fileRef = A1B2C3D4E5F6000000000209 /* AccountCredentialStore.swift */; };
		A1B2C3D4E5F600000000010A /* ResetCelebration.swift in Sources */ = {isa = PBXBuildFile; fileRef = A1B2C3D4E5F600000000020A /* ResetCelebration.swift */; };
		A1B2C3D4E5F600000000010B /* MouseLocationReader.swift in Sources */ = {isa = PBXBuildFile; fileRef = A1B2C3D4E5F600000000020B /* MouseLocationReader.swift */; };
		A1B2C3D4E5F600000000010C /* UtilizationHistoryStore.swift in Sources */ = {isa = PBXBuildFile; fileRef = A1B2C3D4E5F600000000020C /* UtilizationHistoryStore.swift */; };
		A1B2C3D4E5F600000000010D /* UtilizationHistoryChartView.swift in Sources */ = {isa = PBXBuildFile; fileRef = A1B2C3D4E5F600000000020D /* UtilizationHistoryChartView.swift */; };
		A1B2C3D4E5F600000000010E /* PowerManagementService.swift in Sources */ = {isa = PBXBuildFile; fileRef = A1B2C3D4E5F600000000020E /* PowerManagementService.swift */; };
		A1B2C3D4E5F6000000000111 /* Assets.xcassets in Resources */ = {isa = PBXBuildFile; fileRef = A1B2C3D4E5F6000000000211 /* Assets.xcassets */; };
		A1B2C3D4E5F6000000000112 /* codexStack-logo.png in Resources */ = {isa = PBXBuildFile; fileRef = A1B2C3D4E5F6000000000212 /* codexStack-logo.png */; };
		A1B2C3D4E5F6000000000113 /* codexStack.icns in Resources */ = {isa = PBXBuildFile; fileRef = A1B2C3D4E5F6000000000213 /* codexStack.icns */; };
		A1B2C3D4E5F6000000000114 /* Localizable.strings in Resources */ = {isa = PBXBuildFile; fileRef = A1B2C3D4E5F6000000000214 /* Localizable.strings */; };
		E8EF8F1B8120DE57A0CE03E8 /* ProviderSyncService.swift in Sources */ = {isa = PBXBuildFile; fileRef = 5116A032EB39475B1D13FD79 /* ProviderSyncService.swift */; };
/* End PBXBuildFile section */

/* Begin PBXFileReference section */
		00E8A0EFAE2E48FC786F8037 /* ModelPricingSyncService.swift */ = {isa = PBXFileReference; includeInIndex = 1; lastKnownFileType = sourcecode.swift; path = ModelPricingSyncService.swift; sourceTree = "<group>"; };
		5116A032EB39475B1D13FD79 /* ProviderSyncService.swift */ = {isa = PBXFileReference; includeInIndex = 1; lastKnownFileType = sourcecode.swift; path = ProviderSyncService.swift; sourceTree = "<group>"; };
		A1B2C3D4E5F6000000000001 /* codexStack.app */ = {isa = PBXFileReference; explicitFileType = wrapper.application; includeInIndex = 0; path = codexStack.app; sourceTree = BUILT_PRODUCTS_DIR; };
		A1B2C3D4E5F6000000000201 /* CodexStackApp.swift */ = {isa = PBXFileReference; lastKnownFileType = sourcecode.swift; path = CodexStackApp.swift; sourceTree = "<group>"; };
		A1B2C3D4E5F6000000000202 /* MainWindowView.swift */ = {isa = PBXFileReference; lastKnownFileType = sourcecode.swift; path = MainWindowView.swift; sourceTree = "<group>"; };
		A1B2C3D4E5F6000000000203 /* Models.swift */ = {isa = PBXFileReference; lastKnownFileType = sourcecode.swift; path = Models.swift; sourceTree = "<group>"; };
		A1B2C3D4E5F6000000000204 /* SessionStore.swift */ = {isa = PBXFileReference; lastKnownFileType = sourcecode.swift; path = SessionStore.swift; sourceTree = "<group>"; };
		A1B2C3D4E5F6000000000205 /* CodexSessionService.swift */ = {isa = PBXFileReference; lastKnownFileType = sourcecode.swift; path = CodexSessionService.swift; sourceTree = "<group>"; };
		A1B2C3D4E5F6000000000206 /* UsageMetricsService.swift */ = {isa = PBXFileReference; lastKnownFileType = sourcecode.swift; path = UsageMetricsService.swift; sourceTree = "<group>"; };
		A1B2C3D4E5F6000000000207 /* StatusIconRenderer.swift */ = {isa = PBXFileReference; lastKnownFileType = sourcecode.swift; path = StatusIconRenderer.swift; sourceTree = "<group>"; };
		A1B2C3D4E5F6000000000208 /* BundleModule.swift */ = {isa = PBXFileReference; lastKnownFileType = sourcecode.swift; path = BundleModule.swift; sourceTree = "<group>"; };
		A1B2C3D4E5F6000000000209 /* AccountCredentialStore.swift */ = {isa = PBXFileReference; lastKnownFileType = sourcecode.swift; path = AccountCredentialStore.swift; sourceTree = "<group>"; };
		A1B2C3D4E5F600000000020A /* ResetCelebration.swift */ = {isa = PBXFileReference; lastKnownFileType = sourcecode.swift; path = ResetCelebration.swift; sourceTree = "<group>"; };
		A1B2C3D4E5F600000000020B /* MouseLocationReader.swift */ = {isa = PBXFileReference; lastKnownFileType = sourcecode.swift; path = MouseLocationReader.swift; sourceTree = "<group>"; };
		A1B2C3D4E5F600000000020C /* UtilizationHistoryStore.swift */ = {isa = PBXFileReference; lastKnownFileType = sourcecode.swift; path = UtilizationHistoryStore.swift; sourceTree = "<group>"; };
		A1B2C3D4E5F600000000020D /* UtilizationHistoryChartView.swift */ = {isa = PBXFileReference; lastKnownFileType = sourcecode.swift; path = UtilizationHistoryChartView.swift; sourceTree = "<group>"; };
		A1B2C3D4E5F600000000020E /* PowerManagementService.swift */ = {isa = PBXFileReference; lastKnownFileType = sourcecode.swift; path = PowerManagementService.swift; sourceTree = "<group>"; };
		A1B2C3D4E5F6000000000210 /* Info.plist */ = {isa = PBXFileReference; lastKnownFileType = text.plist.xml; path = Info.plist; sourceTree = "<group>"; };
		A1B2C3D4E5F6000000000211 /* Assets.xcassets */ = {isa = PBXFileReference; lastKnownFileType = folder.assetcatalog; path = Assets.xcassets; sourceTree = "<group>"; };
		A1B2C3D4E5F6000000000212 /* codexStack-logo.png */ = {isa = PBXFileReference; lastKnownFileType = image.png; path = "Assets/codexStack-logo.png"; sourceTree = "<group>"; };
		A1B2C3D4E5F6000000000213 /* codexStack.icns */ = {isa = PBXFileReference; lastKnownFileType = image.icns; path = Assets/codexStack.icns; sourceTree = "<group>"; };
		A1B2C3D4E5F6000000000215 /* en */ = {isa = PBXFileReference; lastKnownFileType = text.plist.strings; name = en; path = en.lproj/Localizable.strings; sourceTree = "<group>"; };
		A1B2C3D4E5F6000000000216 /* zh-Hans */ = {isa = PBXFileReference; lastKnownFileType = text.plist.strings; name = "zh-Hans"; path = "zh-Hans.lproj/Localizable.strings"; sourceTree = "<group>"; };
/* End PBXFileReference section */

/* Begin PBXFrameworksBuildPhase section */
		A1B2C3D4E5F6000000000301 /* Frameworks */ = {
			isa = PBXFrameworksBuildPhase;
			buildActionMask = 2147483647;
			files = (
			);
			runOnlyForDeploymentPostprocessing = 0;
		};
/* End PBXFrameworksBuildPhase section */

/* Begin PBXGroup section */
		A1B2C3D4E5F6000000000401 = {
			isa = PBXGroup;
			children = (
				A1B2C3D4E5F6000000000402 /* App */,
				A1B2C3D4E5F6000000000403 /* Sources */,
				A1B2C3D4E5F6000000000404 /* Products */,
			);
			sourceTree = "<group>";
		};
		A1B2C3D4E5F6000000000402 /* App */ = {
			isa = PBXGroup;
			children = (
				A1B2C3D4E5F6000000000210 /* Info.plist */,
			);
			path = App;
			sourceTree = "<group>";
		};
		A1B2C3D4E5F6000000000403 /* Sources */ = {
			isa = PBXGroup;
			children = (
				A1B2C3D4E5F6000000000405 /* codexStack */,
			);
			path = Sources;
			sourceTree = "<group>";
		};
		A1B2C3D4E5F6000000000404 /* Products */ = {
			isa = PBXGroup;
			children = (
				A1B2C3D4E5F6000000000001 /* codexStack.app */,
			);
			name = Products;
			sourceTree = "<group>";
		};
		A1B2C3D4E5F6000000000405 /* codexStack */ = {
			isa = PBXGroup;
			children = (
				A1B2C3D4E5F6000000000201 /* CodexStackApp.swift */,
				A1B2C3D4E5F6000000000202 /* MainWindowView.swift */,
				A1B2C3D4E5F6000000000203 /* Models.swift */,
				A1B2C3D4E5F6000000000204 /* SessionStore.swift */,
				A1B2C3D4E5F6000000000205 /* CodexSessionService.swift */,
				A1B2C3D4E5F6000000000206 /* UsageMetricsService.swift */,
				A1B2C3D4E5F6000000000207 /* StatusIconRenderer.swift */,
				A1B2C3D4E5F6000000000208 /* BundleModule.swift */,
				A1B2C3D4E5F6000000000209 /* AccountCredentialStore.swift */,
				A1B2C3D4E5F600000000020A /* ResetCelebration.swift */,
				A1B2C3D4E5F6000000000406 /* Resources */,
				5116A032EB39475B1D13FD79 /* ProviderSyncService.swift */,
				00E8A0EFAE2E48FC786F8037 /* ModelPricingSyncService.swift */,
				A1B2C3D4E5F600000000020B /* MouseLocationReader.swift */,
				A1B2C3D4E5F600000000020C /* UtilizationHistoryStore.swift */,
				A1B2C3D4E5F600000000020D /* UtilizationHistoryChartView.swift */,
				A1B2C3D4E5F600000000020E /* PowerManagementService.swift */,
			);
			path = codexStack;
			sourceTree = "<group>";
		};
		A1B2C3D4E5F6000000000406 /* Resources */ = {
			isa = PBXGroup;
			children = (
				A1B2C3D4E5F6000000000211 /* Assets.xcassets */,
				A1B2C3D4E5F6000000000212 /* codexStack-logo.png */,
				A1B2C3D4E5F6000000000213 /* codexStack.icns */,
				A1B2C3D4E5F6000000000214 /* Localizable.strings */,
			);
			path = Resources;
			sourceTree = "<group>";
		};
/* End PBXGroup section */

/* Begin PBXNativeTarget section */
		A1B2C3D4E5F6000000000501 /* codexStack */ = {
			isa = PBXNativeTarget;
			buildConfigurationList = A1B2C3D4E5F6000000000802 /* Build configuration list for PBXNativeTarget "codexStack" */;
			buildPhases = (
				A1B2C3D4E5F6000000000302 /* Sources */,
				A1B2C3D4E5F6000000000301 /* Frameworks */,
				A1B2C3D4E5F6000000000303 /* Resources */,
			);
			buildRules = (
			);
			dependencies = (
			);
			name = codexStack;
			productName = codexStack;
			productReference = A1B2C3D4E5F6000000000001 /* codexStack.app */;
			productType = "com.apple.product-type.application";
		};
/* End PBXNativeTarget section */

/* Begin PBXProject section */
		A1B2C3D4E5F6000000000601 /* Project object */ = {
			isa = PBXProject;
			attributes = {
				BuildIndependentTargetsInParallel = 1;
				LastSwiftUpdateCheck = 1540;
				LastUpgradeCheck = 1540;
				TargetAttributes = {
					A1B2C3D4E5F6000000000501 = {
						CreatedOnToolsVersion = 15.4;
					};
				};
			};
			buildConfigurationList = A1B2C3D4E5F6000000000801 /* Build configuration list for PBXProject "codexStack" */;
			compatibilityVersion = "Xcode 14.0";
			developmentRegion = en;
			hasScannedForEncodings = 0;
			knownRegions = (
				en,
				Base,
				"zh-Hans",
			);
			mainGroup = A1B2C3D4E5F6000000000401;
			productRefGroup = A1B2C3D4E5F6000000000404 /* Products */;
			projectDirPath = "";
			projectRoot = "";
			targets = (
				A1B2C3D4E5F6000000000501 /* codexStack */,
			);
		};
/* End PBXProject section */

/* Begin PBXResourcesBuildPhase section */
		A1B2C3D4E5F6000000000303 /* Resources */ = {
			isa = PBXResourcesBuildPhase;
			buildActionMask = 2147483647;
			files = (
				A1B2C3D4E5F6000000000111 /* Assets.xcassets in Resources */,
				A1B2C3D4E5F6000000000112 /* codexStack-logo.png in Resources */,
				A1B2C3D4E5F6000000000113 /* codexStack.icns in Resources */,
				A1B2C3D4E5F6000000000114 /* Localizable.strings in Resources */,
			);
			runOnlyForDeploymentPostprocessing = 0;
		};
/* End PBXResourcesBuildPhase section */

/* Begin PBXSourcesBuildPhase section */
		A1B2C3D4E5F6000000000302 /* Sources */ = {
			isa = PBXSourcesBuildPhase;
			buildActionMask = 2147483647;
			files = (
				A1B2C3D4E5F6000000000101 /* CodexStackApp.swift in Sources */,
				A1B2C3D4E5F6000000000102 /* MainWindowView.swift in Sources */,
				A1B2C3D4E5F6000000000103 /* Models.swift in Sources */,
				A1B2C3D4E5F6000000000104 /* SessionStore.swift in Sources */,
				A1B2C3D4E5F6000000000105 /* CodexSessionService.swift in Sources */,
				A1B2C3D4E5F6000000000106 /* UsageMetricsService.swift in Sources */,
				A1B2C3D4E5F6000000000107 /* StatusIconRenderer.swift in Sources */,
				A1B2C3D4E5F6000000000108 /* BundleModule.swift in Sources */,
				A1B2C3D4E5F6000000000109 /* AccountCredentialStore.swift in Sources */,
				A1B2C3D4E5F600000000010A /* ResetCelebration.swift in Sources */,
				E8EF8F1B8120DE57A0CE03E8 /* ProviderSyncService.swift in Sources */,
				0B574E410CE0CE01C8915B3C /* ModelPricingSyncService.swift in Sources */,
				A1B2C3D4E5F600000000010B /* MouseLocationReader.swift in Sources */,
				A1B2C3D4E5F600000000010C /* UtilizationHistoryStore.swift in Sources */,
				A1B2C3D4E5F600000000010D /* UtilizationHistoryChartView.swift in Sources */,
				A1B2C3D4E5F600000000010E /* PowerManagementService.swift in Sources */,
			);
			runOnlyForDeploymentPostprocessing = 0;
		};
/* End PBXSourcesBuildPhase section */

/* Begin PBXVariantGroup section */
		A1B2C3D4E5F6000000000214 /* Localizable.strings */ = {
			isa = PBXVariantGroup;
			children = (
				A1B2C3D4E5F6000000000215 /* en */,
				A1B2C3D4E5F6000000000216 /* zh-Hans */,
			);
			name = Localizable.strings;
			sourceTree = "<group>";
		};
/* End PBXVariantGroup section */

/* Begin XCBuildConfiguration section */
		A1B2C3D4E5F6000000000701 /* Debug */ = {
			isa = XCBuildConfiguration;
			buildSettings = {
				ALWAYS_SEARCH_USER_PATHS = NO;
				CLANG_ANALYZER_NONNULL = YES;
				CLANG_ANALYZER_NUMBER_OBJECT_CONVERSION = YES_AGGRESSIVE;
				CLANG_CXX_LANGUAGE_STANDARD = "gnu++20";
				CLANG_ENABLE_MODULES = YES;
				CLANG_ENABLE_OBJC_ARC = YES;
				CLANG_ENABLE_OBJC_WEAK = YES;
				CLANG_WARN_BLOCK_CAPTURE_AUTORELEASING = YES;
				CLANG_WARN_BOOL_CONVERSION = YES;
				CLANG_WARN_COMMA = YES;
				CLANG_WARN_CONSTANT_CONVERSION = YES;
				CLANG_WARN_DEPRECATED_OBJC_IMPLEMENTATIONS = YES;
				CLANG_WARN_DIRECT_OBJC_ISA_USAGE = YES_ERROR;
				CLANG_WARN_DOCUMENTATION_COMMENTS = YES;
				CLANG_WARN_EMPTY_BODY = YES;
				CLANG_WARN_ENUM_CONVERSION = YES;
				CLANG_WARN_INFINITE_RECURSION = YES;
				CLANG_WARN_INT_CONVERSION = YES;
				CLANG_WARN_NON_LITERAL_NULL_CONVERSION = YES;
				CLANG_WARN_OBJC_IMPLICIT_RETAIN_SELF = YES;
				CLANG_WARN_OBJC_LITERAL_CONVERSION = YES;
				CLANG_WARN_OBJC_ROOT_CLASS = YES_ERROR;
				CLANG_WARN_QUOTED_INCLUDE_IN_FRAMEWORK_HEADER = YES;
				CLANG_WARN_RANGE_LOOP_ANALYSIS = YES;
				CLANG_WARN_STRICT_PROTOTYPES = YES;
				CLANG_WARN_SUSPICIOUS_MOVE = YES;
				CLANG_WARN_UNGUARDED_AVAILABILITY = YES_AGGRESSIVE;
				CLANG_WARN_UNREACHABLE_CODE = YES;
				CLANG_WARN__DUPLICATE_METHOD_MATCH = YES;
				COPY_PHASE_STRIP = NO;
				DEBUG_INFORMATION_FORMAT = dwarf;
				ENABLE_STRICT_OBJC_MSGSEND = YES;
				ENABLE_TESTABILITY = YES;
				ENABLE_USER_SCRIPT_SANDBOXING = YES;
				GCC_C_LANGUAGE_STANDARD = gnu17;
				GCC_DYNAMIC_NO_PIC = NO;
				GCC_NO_COMMON_BLOCKS = YES;
				GCC_OPTIMIZATION_LEVEL = 0;
				GCC_PREPROCESSOR_DEFINITIONS = (
					"DEBUG=1",
					"$(inherited)",
				);
				GCC_WARN_64_TO_32_BIT_CONVERSION = YES;
				GCC_WARN_ABOUT_RETURN_TYPE = YES_ERROR;
				GCC_WARN_UNDECLARED_SELECTOR = YES;
				GCC_WARN_UNINITIALIZED_AUTOS = YES_AGGRESSIVE;
				GCC_WARN_UNUSED_FUNCTION = YES;
				GCC_WARN_UNUSED_VARIABLE = YES;
				MACOSX_DEPLOYMENT_TARGET = 13.0;
				MTL_ENABLE_DEBUG_INFO = INCLUDE_SOURCE;
				MTL_FAST_MATH = YES;
				ONLY_ACTIVE_ARCH = YES;
				SDKROOT = macosx;
				SWIFT_ACTIVE_COMPILATION_CONDITIONS = DEBUG;
				SWIFT_OPTIMIZATION_LEVEL = "-Onone";
			};
			name = Debug;
		};
		A1B2C3D4E5F6000000000702 /* Release */ = {
			isa = XCBuildConfiguration;
			buildSettings = {
				ALWAYS_SEARCH_USER_PATHS = NO;
				CLANG_ANALYZER_NONNULL = YES;
				CLANG_ANALYZER_NUMBER_OBJECT_CONVERSION = YES_AGGRESSIVE;
				CLANG_CXX_LANGUAGE_STANDARD = "gnu++20";
				CLANG_ENABLE_MODULES = YES;
				CLANG_ENABLE_OBJC_ARC = YES;
				CLANG_ENABLE_OBJC_WEAK = YES;
				CLANG_WARN_BLOCK_CAPTURE_AUTORELEASING = YES;
				CLANG_WARN_BOOL_CONVERSION = YES;
				CLANG_WARN_COMMA = YES;
				CLANG_WARN_CONSTANT_CONVERSION = YES;
				CLANG_WARN_DEPRECATED_OBJC_IMPLEMENTATIONS = YES;
				CLANG_WARN_DIRECT_OBJC_ISA_USAGE = YES_ERROR;
				CLANG_WARN_DOCUMENTATION_COMMENTS = YES;
				CLANG_WARN_EMPTY_BODY = YES;
				CLANG_WARN_ENUM_CONVERSION = YES;
				CLANG_WARN_INFINITE_RECURSION = YES;
				CLANG_WARN_INT_CONVERSION = YES;
				CLANG_WARN_NON_LITERAL_NULL_CONVERSION = YES;
				CLANG_WARN_OBJC_IMPLICIT_RETAIN_SELF = YES;
				CLANG_WARN_OBJC_LITERAL_CONVERSION = YES;
				CLANG_WARN_OBJC_ROOT_CLASS = YES_ERROR;
				CLANG_WARN_QUOTED_INCLUDE_IN_FRAMEWORK_HEADER = YES;
				CLANG_WARN_RANGE_LOOP_ANALYSIS = YES;
				CLANG_WARN_STRICT_PROTOTYPES = YES;
				CLANG_WARN_SUSPICIOUS_MOVE = YES;
				CLANG_WARN_UNGUARDED_AVAILABILITY = YES_AGGRESSIVE;
				CLANG_WARN_UNREACHABLE_CODE = YES;
				CLANG_WARN__DUPLICATE_METHOD_MATCH = YES;
				COPY_PHASE_STRIP = NO;
				DEBUG_INFORMATION_FORMAT = "dwarf-with-dsym";
				ENABLE_NS_ASSERTIONS = NO;
				ENABLE_STRICT_OBJC_MSGSEND = YES;
				ENABLE_USER_SCRIPT_SANDBOXING = YES;
				GCC_C_LANGUAGE_STANDARD = gnu17;
				GCC_NO_COMMON_BLOCKS = YES;
				GCC_WARN_64_TO_32_BIT_CONVERSION = YES;
				GCC_WARN_ABOUT_RETURN_TYPE = YES_ERROR;
				GCC_WARN_UNDECLARED_SELECTOR = YES;
				GCC_WARN_UNINITIALIZED_AUTOS = YES_AGGRESSIVE;
				GCC_WARN_UNUSED_FUNCTION = YES;
				GCC_WARN_UNUSED_VARIABLE = YES;
				MACOSX_DEPLOYMENT_TARGET = 13.0;
				MTL_ENABLE_DEBUG_INFO = NO;
				MTL_FAST_MATH = YES;
				SDKROOT = macosx;
				SWIFT_COMPILATION_MODE = wholemodule;
				SWIFT_OPTIMIZATION_LEVEL = "-O";
			};
			name = Release;
		};
		A1B2C3D4E5F6000000000703 /* Debug */ = {
			isa = XCBuildConfiguration;
			buildSettings = {
				ASSETCATALOG_COMPILER_APPICON_NAME = AppIcon;
				CODE_SIGN_ENTITLEMENTS = "";
				CODE_SIGN_STYLE = Automatic;
				CURRENT_PROJECT_VERSION = 1;
				DEVELOPMENT_LANGUAGE = en;
				ENABLE_HARDENED_RUNTIME = YES;
				GENERATE_INFOPLIST_FILE = NO;
				INFOPLIST_FILE = App/Info.plist;
				LD_RUNPATH_SEARCH_PATHS = (
					"$(inherited)",
					"@executable_path/../Frameworks",
				);
				MARKETING_VERSION = 0.1.0;
				OTHER_LDFLAGS = "-lsqlite3";
				PRODUCT_BUNDLE_IDENTIFIER = dev.codexstack.app;
				PRODUCT_NAME = codexStack;
				SWIFT_VERSION = 5.0;
			};
			name = Debug;
		};
		A1B2C3D4E5F6000000000704 /* Release */ = {
			isa = XCBuildConfiguration;
			buildSettings = {
				ASSETCATALOG_COMPILER_APPICON_NAME = AppIcon;
				CODE_SIGN_ENTITLEMENTS = "";
				CODE_SIGN_STYLE = Automatic;
				CURRENT_PROJECT_VERSION = 1;
				DEVELOPMENT_LANGUAGE = en;
				ENABLE_HARDENED_RUNTIME = YES;
				GENERATE_INFOPLIST_FILE = NO;
				INFOPLIST_FILE = App/Info.plist;
				LD_RUNPATH_SEARCH_PATHS = (
					"$(inherited)",
					"@executable_path/../Frameworks",
				);
				MARKETING_VERSION = 0.1.0;
				OTHER_LDFLAGS = "-lsqlite3";
				PRODUCT_BUNDLE_IDENTIFIER = dev.codexstack.app;
				PRODUCT_NAME = codexStack;
				SWIFT_VERSION = 5.0;
			};
			name = Release;
		};
/* End XCBuildConfiguration section */

/* Begin XCConfigurationList section */
		A1B2C3D4E5F6000000000801 /* Build configuration list for PBXProject "codexStack" */ = {
			isa = XCConfigurationList;
			buildConfigurations = (
				A1B2C3D4E5F6000000000701 /* Debug */,
				A1B2C3D4E5F6000000000702 /* Release */,
			);
			defaultConfigurationIsVisible = 0;
			defaultConfigurationName = Release;
		};
		A1B2C3D4E5F6000000000802 /* Build configuration list for PBXNativeTarget "codexStack" */ = {
			isa = XCConfigurationList;
			buildConfigurations = (
				A1B2C3D4E5F6000000000703 /* Debug */,
				A1B2C3D4E5F6000000000704 /* Release */,
			);
			defaultConfigurationIsVisible = 0;
			defaultConfigurationName = Release;
		};
/* End XCConfigurationList section */
	};
	rootObject = A1B2C3D4E5F6000000000601 /* Project object */;
}
